
Microsoft Visual Studio Solution File, Format Version 12.00
# Visual Studio Version 16
VisualStudioVersion = 16.0.30621.155
MinimumVisualStudioVersion = 10.0.40219.1
Project("{FAE04EC0-301F-11D3-BF4B-00C04F79EFBC}") = "BookdsApi", "BookdsApi\BookdsApi.csproj", "{3814078D-D6C0-4160-A536-C1F73452F4B7}"
EndProject
Global
	GlobalSection(SolutionConfigurationPlatforms) = preSolution
		Debug|Any CPU = Debug|Any CPU
		Release|Any CPU = Release|Any CPU
	EndGlobalSection
	GlobalSection(ProjectConfigurationPlatforms) = postSolution
		{3814078D-D6C0-4160-A536-C1F73452F4B7}.Debug|Any CPU.ActiveCfg = Debug|Any CPU
		{3814078D-D6C0-4160-A536-C1F73452F4B7}.Debug|Any CPU.Build.0 = Debug|Any CPU
		{3814078D-D6C0-4160-A536-C1F73452F4B7}.Release|Any CPU.ActiveCfg = Release|Any CPU
		{3814078D-D6C0-4160-A536-C1F73452F4B7}.Release|Any CPU.Build.0 = Release|Any CPU
	EndGlobalSection
	GlobalSection(SolutionProperties) = preSolution
		HideSolutionNode = FALSE
	EndGlobalSection
	GlobalSection(ExtensibilityGlobals) = postSolution
		SolutionGuid = {73872607-80AB-4AA7-BFAE-1AF33018A358}
	EndGlobalSection
EndGlobal
